{
  "nodes": {
    "claude-code-overlay": {
      "inputs": {
        "nixpkgs": [
          "nixpkgs"
        ]
      },
      "locked": {
        "lastModified": 1780001033,
        "narHash": "sha256-qoXz8b9BoKXjMQn0uay/ETRV8hQPm7HQ9CtBQLXSggc=",
        "owner": "ryoppippi",
        "repo": "claude-code-overlay",
        "rev": "2b97f4748cd7c632115c8e145736e173a3d8ca07",
        "type": "github"
      },
      "original": {
        "owner": "ryoppippi",
        "repo": "claude-code-overlay",
        "type": "github"
      }
    },
    "nixpkgs": {
      "locked": {
        "lastModified": 1779560665,
        "narHash": "sha256-tpyBcxPpcQb8ukyNF7DoCwfSY3VPsxHoYwj00Cayv5o=",
        "rev": "64c08a7ca051951c8eae34e3e3cb1e202fe36786",
        "revCount": 1004030,
        "type": "tarball",
        "url": "https://api.flakehub.com/f/pinned/NixOS/nixpkgs/0.1.1004030%2Brev-64c08a7ca051951c8eae34e3e3cb1e202fe36786/019e5fd8-b716-7e01-9710-e44ec43dc50b/source.tar.gz"
      },
      "original": {
        "type": "tarball",
        "url": "https://flakehub.com/f/NixOS/nixpkgs/0.1"
      }
    },
    "root": {
      "inputs": {
        "claude-code-overlay": "claude-code-overlay",
        "nixpkgs": "nixpkgs",
        "rust-overlay": "rust-overlay"
      }
    },
    "rust-overlay": {
      "inputs": {
        "nixpkgs": [
          "nixpkgs"
        ]
      },
      "locked": {
        "lastModified": 1779992051,
        "narHash": "sha256-4YWGv/0NkAdtTW1MXfaLYpfC9BhpCy9k1pWkR0xI9uw=",
        "owner": "oxalica",
        "repo": "rust-overlay",
        "rev": "e93ad0df1073b2c969a8f0c1f10b84e870469d40",
        "type": "github"
      },
      "original": {
        "owner": "oxalica",
        "repo": "rust-overlay",
        "type": "github"
      }
    }
  },
  "root": "root",
  "version": 7
}
